// !$*UTF8*$!
{
	archiveVersion = 1;
	classes = {
	};
	objectVersion = 46;
	objects = {

/* Begin PBXBuildFile section */
		5906B1CD1A08468E00925D4D /* MJLogController.m in Sources */ = {isa = PBXBuildFile; fileRef = 5906B1CC1A08468E00925D4D /* MJLogController.m */; };
		591BA6871A0758C500B9278D /* MJPedoMeter.m in Sources */ = {isa = PBXBuildFile; fileRef = 591BA6861A0758C500B9278D /* MJPedoMeter.m */; };
		5935D43B1A0F5E5400E4CDCC /* MJRoundPanel.m in Sources */ = {isa = PBXBuildFile; fileRef = 5935D43A1A0F5E5400E4CDCC /* MJRoundPanel.m */; };
		5935D43E1A108C3F00E4CDCC /* MJGaugePanel.m in Sources */ = {isa = PBXBuildFile; fileRef = 5935D43D1A108C3F00E4CDCC /* MJGaugePanel.m */; };
		5960958A1A09F309006DCDE6 /* CoreGraphics.framework in Frameworks */ = {isa = PBXBuildFile; fileRef = 5960957F1A09F2AF006DCDE6 /* CoreGraphics.framework */; };
		5960958B1A09F309006DCDE6 /* CoreMotion.framework in Frameworks */ = {isa = PBXBuildFile; fileRef = 596095801A09F2AF006DCDE6 /* CoreMotion.framework */; };
		5960958C1A09F309006DCDE6 /* Foundation.framework in Frameworks */ = {isa = PBXBuildFile; fileRef = 596095811A09F2AF006DCDE6 /* Foundation.framework */; };
		5960958D1A09F309006DCDE6 /* QuartzCore.framework in Frameworks */ = {isa = PBXBuildFile; fileRef = 596095821A09F2AF006DCDE6 /* QuartzCore.framework */; };
		5960958E1A09F309006DCDE6 /* UIKit.framework in Frameworks */ = {isa = PBXBuildFile; fileRef = 596095831A09F2AF006DCDE6 /* UIKit.framework */; };
		596095921A09FB3D006DCDE6 /* Images.xcassets in Resources */ = {isa = PBXBuildFile; fileRef = 596095911A09FB3D006DCDE6 /* Images.xcassets */; };
		596C8A751A0829990099F9FF /* MJActivityTypeMeter.m in Sources */ = {isa = PBXBuildFile; fileRef = 596C8A741A0829990099F9FF /* MJActivityTypeMeter.m */; };
		596C8A781A082C3A0099F9FF /* MJTimeKeeper.m in Sources */ = {isa = PBXBuildFile; fileRef = 596C8A771A082C3A0099F9FF /* MJTimeKeeper.m */; };
		596C8A7B1A0838B50099F9FF /* CMPedometerData+MJPedometerData.m in Sources */ = {isa = PBXBuildFile; fileRef = 596C8A7A1A0838B50099F9FF /* CMPedometerData+MJPedometerData.m */; };
		596C8A7E1A083DB20099F9FF /* CMMotionActivity+MJMotionActivity.m in Sources */ = {isa = PBXBuildFile; fileRef = 596C8A7D1A083DB20099F9FF /* CMMotionActivity+MJMotionActivity.m */; };
		5986E3211A0AF31F000421DA /* MJFuelGuageView.m in Sources */ = {isa = PBXBuildFile; fileRef = 599E1F061A0AC4E1000B48CF /* MJFuelGuageView.m */; };
		5986E3241A0AFD15000421DA /* MJDebugQuartz.m in Sources */ = {isa = PBXBuildFile; fileRef = 5986E3231A0AFD15000421DA /* MJDebugQuartz.m */; };
		598F0AEE1A0ACE3200BB8858 /* MJPlasticCoverView.m in Sources */ = {isa = PBXBuildFile; fileRef = 598F0AED1A0ACE3200BB8858 /* MJPlasticCoverView.m */; };
		59A2B1731A0CDC8F00D8912E /* MJSerialize.m in Sources */ = {isa = PBXBuildFile; fileRef = 59A2B1721A0CDC8F00D8912E /* MJSerialize.m */; };
		59A2B1761A0CDD8F00D8912E /* MJError.m in Sources */ = {isa = PBXBuildFile; fileRef = 59A2B1751A0CDD8F00D8912E /* MJError.m */; };
		59A2B17B1A0CEA8200D8912E /* MJCloud.m in Sources */ = {isa = PBXBuildFile; fileRef = 59A2B17A1A0CEA8200D8912E /* MJCloud.m */; };
		59B7AE511A09ADFB006F71BE /* MJMotionMeter.m in Sources */ = {isa = PBXBuildFile; fileRef = 59B7AE501A09ADFB006F71BE /* MJMotionMeter.m */; };
		59B7AE571A09B249006F71BE /* CMGyroData+MJGyroData.m in Sources */ = {isa = PBXBuildFile; fileRef = 59B7AE561A09B249006F71BE /* CMGyroData+MJGyroData.m */; };
		59CEE8F31A09C2FB00CBCC55 /* MJGaugeController.m in Sources */ = {isa = PBXBuildFile; fileRef = 59CEE8F21A09C2FB00CBCC55 /* MJGaugeController.m */; };
		59CEE8F61A09D9DC00CBCC55 /* CMAccelerometerData+MJAccelerometerData.m in Sources */ = {isa = PBXBuildFile; fileRef = 59CEE8F51A09D9DC00CBCC55 /* CMAccelerometerData+MJAccelerometerData.m */; };
		59CEE8F91A09DA7000CBCC55 /* CMLogItem+MJLogItem.m in Sources */ = {isa = PBXBuildFile; fileRef = 59CEE8F81A09DA7000CBCC55 /* CMLogItem+MJLogItem.m */; };
		59D4D5A01A07344900A715B0 /* main.m in Sources */ = {isa = PBXBuildFile; fileRef = 59D4D59F1A07344900A715B0 /* main.m */; };
		59D4D5A31A07344900A715B0 /* AppDelegate.m in Sources */ = {isa = PBXBuildFile; fileRef = 59D4D5A21A07344900A715B0 /* AppDelegate.m */; };
		59D4D5AC1A07344900A715B0 /* Main.storyboard in Resources */ = {isa = PBXBuildFile; fileRef = 59D4D5AA1A07344900A715B0 /* Main.storyboard */; };
		59D4D5B11A07344900A715B0 /* LaunchScreen.xib in Resources */ = {isa = PBXBuildFile; fileRef = 59D4D5AF1A07344900A715B0 /* LaunchScreen.xib */; };
		59D4D5BD1A07344900A715B0 /* motionTests.m in Sources */ = {isa = PBXBuildFile; fileRef = 59D4D5BC1A07344900A715B0 /* motionTests.m */; };
/* End PBXBuildFile section */

/* Begin PBXContainerItemProxy section */
		59D4D5B71A07344900A715B0 /* PBXContainerItemProxy */ = {
			isa = PBXContainerItemProxy;
			containerPortal = 59D4D5921A07344900A715B0 /* Project object */;
			proxyType = 1;
			remoteGlobalIDString = 59D4D5991A07344900A715B0;
			remoteInfo = motion;
		};
/* End PBXContainerItemProxy section */

/* Begin PBXFileReference section */
		5906B1CB1A08468E00925D4D /* MJLogController.h */ = {isa = PBXFileReference; fileEncoding = 4; lastKnownFileType = sourcecode.c.h; path = MJLogController.h; sourceTree = "<group>"; };
		5906B1CC1A08468E00925D4D /* MJLogController.m */ = {isa = PBXFileReference; fileEncoding = 4; lastKnownFileType = sourcecode.c.objc; path = MJLogController.m; sourceTree = "<group>"; };
		591BA6851A0758C500B9278D /* MJPedoMeter.h */ = {isa = PBXFileReference; fileEncoding = 4; lastKnownFileType = sourcecode.c.h; path = MJPedoMeter.h; sourceTree = "<group>"; };
		591BA6861A0758C500B9278D /* MJPedoMeter.m */ = {isa = PBXFileReference; fileEncoding = 4; lastKnownFileType = sourcecode.c.objc; path = MJPedoMeter.m; sourceTree = "<group>"; };
		5935D4391A0F5E5400E4CDCC /* MJRoundPanel.h */ = {isa = PBXFileReference; fileEncoding = 4; lastKnownFileType = sourcecode.c.h; path = MJRoundPanel.h; sourceTree = "<group>"; };
		5935D43A1A0F5E5400E4CDCC /* MJRoundPanel.m */ = {isa = PBXFileReference; fileEncoding = 4; lastKnownFileType = sourcecode.c.objc; path = MJRoundPanel.m; sourceTree = "<group>"; };
		5935D43C1A108C3F00E4CDCC /* MJGaugePanel.h */ = {isa = PBXFileReference; fileEncoding = 4; lastKnownFileType = sourcecode.c.h; path = MJGaugePanel.h; sourceTree = "<group>"; };
		5935D43D1A108C3F00E4CDCC /* MJGaugePanel.m */ = {isa = PBXFileReference; fileEncoding = 4; lastKnownFileType = sourcecode.c.objc; path = MJGaugePanel.m; sourceTree = "<group>"; };
		5960957F1A09F2AF006DCDE6 /* CoreGraphics.framework */ = {isa = PBXFileReference; lastKnownFileType = wrapper.framework; name = CoreGraphics.framework; path = System/Library/Frameworks/CoreGraphics.framework; sourceTree = SDKROOT; };
		596095801A09F2AF006DCDE6 /* CoreMotion.framework */ = {isa = PBXFileReference; lastKnownFileType = wrapper.framework; name = CoreMotion.framework; path = System/Library/Frameworks/CoreMotion.framework; sourceTree = SDKROOT; };
		596095811A09F2AF006DCDE6 /* Foundation.framework */ = {isa = PBXFileReference; lastKnownFileType = wrapper.framework; name = Foundation.framework; path = System/Library/Frameworks/Foundation.framework; sourceTree = SDKROOT; };
		596095821A09F2AF006DCDE6 /* QuartzCore.framework */ = {isa = PBXFileReference; lastKnownFileType = wrapper.framework; name = QuartzCore.framework; path = System/Library/Frameworks/QuartzCore.framework; sourceTree = SDKROOT; };
		596095831A09F2AF006DCDE6 /* UIKit.framework */ = {isa = PBXFileReference; lastKnownFileType = wrapper.framework; name = UIKit.framework; path = System/Library/Frameworks/UIKit.framework; sourceTree = SDKROOT; };
		596095911A09FB3D006DCDE6 /* Images.xcassets */ = {isa = PBXFileReference; lastKnownFileType = folder.assetcatalog; path = Images.xcassets; sourceTree = "<group>"; };
		596C8A731A0829990099F9FF /* MJActivityTypeMeter.h */ = {isa = PBXFileReference; fileEncoding = 4; lastKnownFileType = sourcecode.c.h; path = MJActivityTypeMeter.h; sourceTree = "<group>"; };
		596C8A741A0829990099F9FF /* MJActivityTypeMeter.m */ = {isa = PBXFileReference; fileEncoding = 4; lastKnownFileType = sourcecode.c.objc; path = MJActivityTypeMeter.m; sourceTree = "<group>"; };
		596C8A761A082C390099F9FF /* MJTimeKeeper.h */ = {isa = PBXFileReference; fileEncoding = 4; lastKnownFileType = sourcecode.c.h; path = MJTimeKeeper.h; sourceTree = "<group>"; };
		596C8A771A082C3A0099F9FF /* MJTimeKeeper.m */ = {isa = PBXFileReference; fileEncoding = 4; lastKnownFileType = sourcecode.c.objc; path = MJTimeKeeper.m; sourceTree = "<group>"; };
		596C8A791A0838B50099F9FF /* CMPedometerData+MJPedometerData.h */ = {isa = PBXFileReference; fileEncoding = 4; lastKnownFileType = sourcecode.c.h; path = "CMPedometerData+MJPedometerData.h"; sourceTree = "<group>"; };
		596C8A7A1A0838B50099F9FF /* CMPedometerData+MJPedometerData.m */ = {isa = PBXFileReference; fileEncoding = 4; lastKnownFileType = sourcecode.c.objc; path = "CMPedometerData+MJPedometerData.m"; sourceTree = "<group>"; };
		596C8A7C1A083DB20099F9FF /* CMMotionActivity+MJMotionActivity.h */ = {isa = PBXFileReference; fileEncoding = 4; lastKnownFileType = sourcecode.c.h; path = "CMMotionActivity+MJMotionActivity.h"; sourceTree = "<group>"; };
		596C8A7D1A083DB20099F9FF /* CMMotionActivity+MJMotionActivity.m */ = {isa = PBXFileReference; fileEncoding = 4; lastKnownFileType = sourcecode.c.objc; path = "CMMotionActivity+MJMotionActivity.m"; sourceTree = "<group>"; };
		5986E3221A0AFD15000421DA /* MJDebugQuartz.h */ = {isa = PBXFileReference; fileEncoding = 4; lastKnownFileType = sourcecode.c.h; path = MJDebugQuartz.h; sourceTree = "<group>"; };
		5986E3231A0AFD15000421DA /* MJDebugQuartz.m */ = {isa = PBXFileReference; fileEncoding = 4; lastKnownFileType = sourcecode.c.objc; path = MJDebugQuartz.m; sourceTree = "<group>"; };
		598F0AEC1A0ACE3200BB8858 /* MJPlasticCoverView.h */ = {isa = PBXFileReference; fileEncoding = 4; lastKnownFileType = sourcecode.c.h; path = MJPlasticCoverView.h; sourceTree = "<group>"; };
		598F0AED1A0ACE3200BB8858 /* MJPlasticCoverView.m */ = {isa = PBXFileReference; fileEncoding = 4; lastKnownFileType = sourcecode.c.objc; path = MJPlasticCoverView.m; sourceTree = "<group>"; };
		599E1F051A0AC4E1000B48CF /* MJFuelGuageView.h */ = {isa = PBXFileReference; fileEncoding = 4; lastKnownFileType = sourcecode.c.h; path = MJFuelGuageView.h; sourceTree = "<group>"; };
		599E1F061A0AC4E1000B48CF /* MJFuelGuageView.m */ = {isa = PBXFileReference; fileEncoding = 4; lastKnownFileType = sourcecode.c.objc; path = MJFuelGuageView.m; sourceTree = "<group>"; };
		59A2B1711A0CDC8F00D8912E /* MJSerialize.h */ = {isa = PBXFileReference; fileEncoding = 4; lastKnownFileType = sourcecode.c.h; path = MJSerialize.h; sourceTree = "<group>"; };
		59A2B1721A0CDC8F00D8912E /* MJSerialize.m */ = {isa = PBXFileReference; fileEncoding = 4; lastKnownFileType = sourcecode.c.objc; path = MJSerialize.m; sourceTree = "<group>"; };
		59A2B1741A0CDD8F00D8912E /* MJError.h */ = {isa = PBXFileReference; fileEncoding = 4; lastKnownFileType = sourcecode.c.h; path = MJError.h; sourceTree = "<group>"; };
		59A2B1751A0CDD8F00D8912E /* MJError.m */ = {isa = PBXFileReference; fileEncoding = 4; lastKnownFileType = sourcecode.c.objc; path = MJError.m; sourceTree = "<group>"; };
		59A2B1771A0CE6D300D8912E /* MJSONProtocol.h */ = {isa = PBXFileReference; fileEncoding = 4; lastKnownFileType = sourcecode.c.h; path = MJSONProtocol.h; sourceTree = "<group>"; };
		59A2B1791A0CEA8200D8912E /* MJCloud.h */ = {isa = PBXFileReference; fileEncoding = 4; lastKnownFileType = sourcecode.c.h; path = MJCloud.h; sourceTree = "<group>"; };
		59A2B17A1A0CEA8200D8912E /* MJCloud.m */ = {isa = PBXFileReference; fileEncoding = 4; lastKnownFileType = sourcecode.c.objc; path = MJCloud.m; sourceTree = "<group>"; };
		59B7AE4F1A09ADFB006F71BE /* MJMotionMeter.h */ = {isa = PBXFileReference; fileEncoding = 4; lastKnownFileType = sourcecode.c.h; path = MJMotionMeter.h; sourceTree = "<group>"; };
		59B7AE501A09ADFB006F71BE /* MJMotionMeter.m */ = {isa = PBXFileReference; fileEncoding = 4; lastKnownFileType = sourcecode.c.objc; path = MJMotionMeter.m; sourceTree = "<group>"; };
		59B7AE551A09B249006F71BE /* CMGyroData+MJGyroData.h */ = {isa = PBXFileReference; fileEncoding = 4; lastKnownFileType = sourcecode.c.h; path = "CMGyroData+MJGyroData.h"; sourceTree = "<group>"; };
		59B7AE561A09B249006F71BE /* CMGyroData+MJGyroData.m */ = {isa = PBXFileReference; fileEncoding = 4; lastKnownFileType = sourcecode.c.objc; path = "CMGyroData+MJGyroData.m"; sourceTree = "<group>"; };
		59CEE8F11A09C2FB00CBCC55 /* MJGaugeController.h */ = {isa = PBXFileReference; fileEncoding = 4; lastKnownFileType = sourcecode.c.h; path = MJGaugeController.h; sourceTree = "<group>"; };
		59CEE8F21A09C2FB00CBCC55 /* MJGaugeController.m */ = {isa = PBXFileReference; fileEncoding = 4; lastKnownFileType = sourcecode.c.objc; path = MJGaugeController.m; sourceTree = "<group>"; };
		59CEE8F41A09D9DC00CBCC55 /* CMAccelerometerData+MJAccelerometerData.h */ = {isa = PBXFileReference; fileEncoding = 4; lastKnownFileType = sourcecode.c.h; path = "CMAccelerometerData+MJAccelerometerData.h"; sourceTree = "<group>"; };
		59CEE8F51A09D9DC00CBCC55 /* CMAccelerometerData+MJAccelerometerData.m */ = {isa = PBXFileReference; fileEncoding = 4; lastKnownFileType = sourcecode.c.objc; path = "CMAccelerometerData+MJAccelerometerData.m"; sourceTree = "<group>"; };
		59CEE8F71A09DA7000CBCC55 /* CMLogItem+MJLogItem.h */ = {isa = PBXFileReference; fileEncoding = 4; lastKnownFileType = sourcecode.c.h; path = "CMLogItem+MJLogItem.h"; sourceTree = "<group>"; };
		59CEE8F81A09DA7000CBCC55 /* CMLogItem+MJLogItem.m */ = {isa = PBXFileReference; fileEncoding = 4; lastKnownFileType = sourcecode.c.objc; path = "CMLogItem+MJLogItem.m"; sourceTree = "<group>"; };
		59D4D59A1A07344900A715B0 /* motion.app */ = {isa = PBXFileReference; explicitFileType = wrapper.application; includeInIndex = 0; path = motion.app; sourceTree = BUILT_PRODUCTS_DIR; };
		59D4D59E1A07344900A715B0 /* Info.plist */ = {isa = PBXFileReference; lastKnownFileType = text.plist.xml; path = Info.plist; sourceTree = "<group>"; };
		59D4D59F1A07344900A715B0 /* main.m */ = {isa = PBXFileReference; lastKnownFileType = sourcecode.c.objc; path = main.m; sourceTree = "<group>"; };
		59D4D5A11A07344900A715B0 /* AppDelegate.h */ = {isa = PBXFileReference; lastKnownFileType = sourcecode.c.h; path = AppDelegate.h; sourceTree = "<group>"; };
		59D4D5A21A07344900A715B0 /* AppDelegate.m */ = {isa = PBXFileReference; lastKnownFileType = sourcecode.c.objc; path = AppDelegate.m; sourceTree = "<group>"; };
		59D4D5AB1A07344900A715B0 /* Base */ = {isa = PBXFileReference; lastKnownFileType = file.storyboard; name = Base; path = Base.lproj/Main.storyboard; sourceTree = "<group>"; };
		59D4D5B01A07344900A715B0 /* Base */ = {isa = PBXFileReference; lastKnownFileType = file.xib; name = Base; path = Base.lproj/LaunchScreen.xib; sourceTree = "<group>"; };
		59D4D5B61A07344900A715B0 /* motionTests.xctest */ = {isa = PBXFileReference; explicitFileType = wrapper.cfbundle; includeInIndex = 0; path = motionTests.xctest; sourceTree = BUILT_PRODUCTS_DIR; };
		59D4D5BB1A07344900A715B0 /* Info.plist */ = {isa = PBXFileReference; lastKnownFileType = text.plist.xml; path = Info.plist; sourceTree = "<group>"; };
		59D4D5BC1A07344900A715B0 /* motionTests.m */ = {isa = PBXFileReference; lastKnownFileType = sourcecode.c.objc; path = motionTests.m; sourceTree = "<group>"; };
/* End PBXFileReference section */

/* Begin PBXFrameworksBuildPhase section */
		59D4D5971A07344900A715B0 /* Frameworks */ = {
			isa = PBXFrameworksBuildPhase;
			buildActionMask = 2147483647;
			files = (
				5960958A1A09F309006DCDE6 /* CoreGraphics.framework in Frameworks */,
				5960958B1A09F309006DCDE6 /* CoreMotion.framework in Frameworks */,
				5960958C1A09F309006DCDE6 /* Foundation.framework in Frameworks */,
				5960958D1A09F309006DCDE6 /* QuartzCore.framework in Frameworks */,
				5960958E1A09F309006DCDE6 /* UIKit.framework in Frameworks */,
			);
			runOnlyForDeploymentPostprocessing = 0;
		};
		59D4D5B31A07344900A715B0 /* Frameworks */ = {
			isa = PBXFrameworksBuildPhase;
			buildActionMask = 2147483647;
			files = (
			);
			runOnlyForDeploymentPostprocessing = 0;
		};
/* End PBXFrameworksBuildPhase section */

/* Begin PBXGroup section */
		596C8A7F1A083DBC0099F9FF /* descriptions */ = {
			isa = PBXGroup;
			children = (
				59A2B1771A0CE6D300D8912E /* MJSONProtocol.h */,
				59CEE8F71A09DA7000CBCC55 /* CMLogItem+MJLogItem.h */,
				59CEE8F81A09DA7000CBCC55 /* CMLogItem+MJLogItem.m */,
				59B7AE551A09B249006F71BE /* CMGyroData+MJGyroData.h */,
				59B7AE561A09B249006F71BE /* CMGyroData+MJGyroData.m */,
				59CEE8F41A09D9DC00CBCC55 /* CMAccelerometerData+MJAccelerometerData.h */,
				59CEE8F51A09D9DC00CBCC55 /* CMAccelerometerData+MJAccelerometerData.m */,
				596C8A7C1A083DB20099F9FF /* CMMotionActivity+MJMotionActivity.h */,
				596C8A7D1A083DB20099F9FF /* CMMotionActivity+MJMotionActivity.m */,
				596C8A791A0838B50099F9FF /* CMPedometerData+MJPedometerData.h */,
				596C8A7A1A0838B50099F9FF /* CMPedometerData+MJPedometerData.m */,
			);
			name = descriptions;
			sourceTree = "<group>";
		};
		598542C11A0D0946005712DE /* cloud */ = {
			isa = PBXGroup;
			children = (
				59A2B1741A0CDD8F00D8912E /* MJError.h */,
				59A2B1751A0CDD8F00D8912E /* MJError.m */,
				59A2B1711A0CDC8F00D8912E /* MJSerialize.h */,
				59A2B1721A0CDC8F00D8912E /* MJSerialize.m */,
				59A2B1791A0CEA8200D8912E /* MJCloud.h */,
				59A2B17A1A0CEA8200D8912E /* MJCloud.m */,
			);
			name = cloud;
			sourceTree = "<group>";
		};
		598542C21A0D0962005712DE /* controllers */ = {
			isa = PBXGroup;
			children = (
				59CEE8F11A09C2FB00CBCC55 /* MJGaugeController.h */,
				59CEE8F21A09C2FB00CBCC55 /* MJGaugeController.m */,
				5906B1CB1A08468E00925D4D /* MJLogController.h */,
				5906B1CC1A08468E00925D4D /* MJLogController.m */,
			);
			name = controllers;
			sourceTree = "<group>";
		};
		59A2B1781A0CE9F600D8912E /* custom views */ = {
			isa = PBXGroup;
			children = (
				5935D43C1A108C3F00E4CDCC /* MJGaugePanel.h */,
				5935D43D1A108C3F00E4CDCC /* MJGaugePanel.m */,
				599E1F051A0AC4E1000B48CF /* MJFuelGuageView.h */,
				599E1F061A0AC4E1000B48CF /* MJFuelGuageView.m */,
				598F0AEC1A0ACE3200BB8858 /* MJPlasticCoverView.h */,
				598F0AED1A0ACE3200BB8858 /* MJPlasticCoverView.m */,
				5986E3221A0AFD15000421DA /* MJDebugQuartz.h */,
				5986E3231A0AFD15000421DA /* MJDebugQuartz.m */,
				5935D4391A0F5E5400E4CDCC /* MJRoundPanel.h */,
				5935D43A1A0F5E5400E4CDCC /* MJRoundPanel.m */,
			);
			name = "custom views";
			sourceTree = "<group>";
		};
		59B7AE581A09B4CB006F71BE /* meters */ = {
			isa = PBXGroup;
			children = (
				59B7AE4F1A09ADFB006F71BE /* MJMotionMeter.h */,
				59B7AE501A09ADFB006F71BE /* MJMotionMeter.m */,
				591BA6851A0758C500B9278D /* MJPedoMeter.h */,
				591BA6861A0758C500B9278D /* MJPedoMeter.m */,
				596C8A761A082C390099F9FF /* MJTimeKeeper.h */,
				596C8A771A082C3A0099F9FF /* MJTimeKeeper.m */,
				596C8A731A0829990099F9FF /* MJActivityTypeMeter.h */,
				596C8A741A0829990099F9FF /* MJActivityTypeMeter.m */,
			);
			name = meters;
			sourceTree = "<group>";
		};
		59D4D5911A07344900A715B0 = {
			isa = PBXGroup;
			children = (
				59D4D59C1A07344900A715B0 /* motion */,
				59D4D5B91A07344900A715B0 /* motionTests */,
				59D4D59B1A07344900A715B0 /* Products */,
			);
			sourceTree = "<group>";
		};
		59D4D59B1A07344900A715B0 /* Products */ = {
			isa = PBXGroup;
			children = (
				59D4D59A1A07344900A715B0 /* motion.app */,
				59D4D5B61A07344900A715B0 /* motionTests.xctest */,
			);
			name = Products;
			sourceTree = "<group>";
		};
		59D4D59C1A07344900A715B0 /* motion */ = {
			isa = PBXGroup;
			children = (
				598542C11A0D0946005712DE /* cloud */,
				59A2B1781A0CE9F600D8912E /* custom views */,
				59B7AE581A09B4CB006F71BE /* meters */,
				598542C21A0D0962005712DE /* controllers */,
				596C8A7F1A083DBC0099F9FF /* descriptions */,
				59D4D5A11A07344900A715B0 /* AppDelegate.h */,
				59D4D5A21A07344900A715B0 /* AppDelegate.m */,
				59D4D5AA1A07344900A715B0 /* Main.storyboard */,
				59D4D5AF1A07344900A715B0 /* LaunchScreen.xib */,
				596095911A09FB3D006DCDE6 /* Images.xcassets */,
				59D4D59D1A07344900A715B0 /* Supporting Files */,
			);
			path = motion;
			sourceTree = "<group>";
		};
		59D4D59D1A07344900A715B0 /* Supporting Files */ = {
			isa = PBXGroup;
			children = (
				59D4D59E1A07344900A715B0 /* Info.plist */,
				59D4D59F1A07344900A715B0 /* main.m */,
				5960957F1A09F2AF006DCDE6 /* CoreGraphics.framework */,
				596095801A09F2AF006DCDE6 /* CoreMotion.framework */,
				596095811A09F2AF006DCDE6 /* Foundation.framework */,
				596095821A09F2AF006DCDE6 /* QuartzCore.framework */,
				596095831A09F2AF006DCDE6 /* UIKit.framework */,
			);
			name = "Supporting Files";
			sourceTree = "<group>";
		};
		59D4D5B91A07344900A715B0 /* motionTests */ = {
			isa = PBXGroup;
			children = (
				59D4D5BC1A07344900A715B0 /* motionTests.m */,
				59D4D5BA1A07344900A715B0 /* Supporting Files */,
			);
			path = motionTests;
			sourceTree = "<group>";
		};
		59D4D5BA1A07344900A715B0 /* Supporting Files */ = {
			isa = PBXGroup;
			children = (
				59D4D5BB1A07344900A715B0 /* Info.plist */,
			);
			name = "Supporting Files";
			sourceTree = "<group>";
		};
/* End PBXGroup section */

/* Begin PBXNativeTarget section */
		59D4D5991A07344900A715B0 /* motion */ = {
			isa = PBXNativeTarget;
			buildConfigurationList = 59D4D5C01A07344900A715B0 /* Build configuration list for PBXNativeTarget "motion" */;
			buildPhases = (
				59D4D5961A07344900A715B0 /* Sources */,
				59D4D5971A07344900A715B0 /* Frameworks */,
				59D4D5981A07344900A715B0 /* Resources */,
			);
			buildRules = (
			);
			dependencies = (
			);
			name = motion;
			productName = motion;
			productReference = 59D4D59A1A07344900A715B0 /* motion.app */;
			productType = "com.apple.product-type.application";
		};
		59D4D5B51A07344900A715B0 /* motionTests */ = {
			isa = PBXNativeTarget;
			buildConfigurationList = 59D4D5C31A07344900A715B0 /* Build configuration list for PBXNativeTarget "motionTests" */;
			buildPhases = (
				59D4D5B21A07344900A715B0 /* Sources */,
				59D4D5B31A07344900A715B0 /* Frameworks */,
				59D4D5B41A07344900A715B0 /* Resources */,
			);
			buildRules = (
			);
			dependencies = (
				59D4D5B81A07344900A715B0 /* PBXTargetDependency */,
			);
			name = motionTests;
			productName = motionTests;
			productReference = 59D4D5B61A07344900A715B0 /* motionTests.xctest */;
			productType = "com.apple.product-type.bundle.unit-test";
		};
/* End PBXNativeTarget section */

/* Begin PBXProject section */
		59D4D5921A07344900A715B0 /* Project object */ = {
			isa = PBXProject;
			attributes = {
				LastUpgradeCheck = 0610;
				ORGANIZATIONNAME = "Dan Park";
				TargetAttributes = {
					59D4D5991A07344900A715B0 = {
						CreatedOnToolsVersion = 6.1;
						DevelopmentTeam = 65PMYRRX45;
					};
					59D4D5B51A07344900A715B0 = {
						CreatedOnToolsVersion = 6.1;
						TestTargetID = 59D4D5991A07344900A715B0;
					};
				};
			};
			buildConfigurationList = 59D4D5951A07344900A715B0 /* Build configuration list for PBXProject "motion" */;
			compatibilityVersion = "Xcode 3.2";
			developmentRegion = English;
			hasScannedForEncodings = 0;
			knownRegions = (
				en,
				Base,
			);
			mainGroup = 59D4D5911A07344900A715B0;
			productRefGroup = 59D4D59B1A07344900A715B0 /* Products */;
			projectDirPath = "";
			projectRoot = "";
			targets = (
				59D4D5991A07344900A715B0 /* motion */,
				59D4D5B51A07344900A715B0 /* motionTests */,
			);
		};
/* End PBXProject section */

/* Begin PBXResourcesBuildPhase section */
		59D4D5981A07344900A715B0 /* Resources */ = {
			isa = PBXResourcesBuildPhase;
			buildActionMask = 2147483647;
			files = (
				59D4D5AC1A07344900A715B0 /* Main.storyboard in Resources */,
				596095921A09FB3D006DCDE6 /* Images.xcassets in Resources */,
				59D4D5B11A07344900A715B0 /* LaunchScreen.xib in Resources */,
			);
			runOnlyForDeploymentPostprocessing = 0;
		};
		59D4D5B41A07344900A715B0 /* Resources */ = {
			isa = PBXResourcesBuildPhase;
			buildActionMask = 2147483647;
			files = (
			);
			runOnlyForDeploymentPostprocessing = 0;
		};
/* End PBXResourcesBuildPhase section */

/* Begin PBXSourcesBuildPhase section */
		59D4D5961A07344900A715B0 /* Sources */ = {
			isa = PBXSourcesBuildPhase;
			buildActionMask = 2147483647;
			files = (
				5935D43B1A0F5E5400E4CDCC /* MJRoundPanel.m in Sources */,
				598F0AEE1A0ACE3200BB8858 /* MJPlasticCoverView.m in Sources */,
				596C8A781A082C3A0099F9FF /* MJTimeKeeper.m in Sources */,
				591BA6871A0758C500B9278D /* MJPedoMeter.m in Sources */,
				5986E3211A0AF31F000421DA /* MJFuelGuageView.m in Sources */,
				59B7AE571A09B249006F71BE /* CMGyroData+MJGyroData.m in Sources */,
				5986E3241A0AFD15000421DA /* MJDebugQuartz.m in Sources */,
				59A2B1761A0CDD8F00D8912E /* MJError.m in Sources */,
				59B7AE511A09ADFB006F71BE /* MJMotionMeter.m in Sources */,
				59CEE8F61A09D9DC00CBCC55 /* CMAccelerometerData+MJAccelerometerData.m in Sources */,
				59A2B17B1A0CEA8200D8912E /* MJCloud.m in Sources */,
				5906B1CD1A08468E00925D4D /* MJLogController.m in Sources */,
				59D4D5A31A07344900A715B0 /* AppDelegate.m in Sources */,
				596C8A7B1A0838B50099F9FF /* CMPedometerData+MJPedometerData.m in Sources */,
				596C8A751A0829990099F9FF /* MJActivityTypeMeter.m in Sources */,
				59D4D5A01A07344900A715B0 /* main.m in Sources */,
				59A2B1731A0CDC8F00D8912E /* MJSerialize.m in Sources */,
				5935D43E1A108C3F00E4CDCC /* MJGaugePanel.m in Sources */,
				59CEE8F91A09DA7000CBCC55 /* CMLogItem+MJLogItem.m in Sources */,
				596C8A7E1A083DB20099F9FF /* CMMotionActivity+MJMotionActivity.m in Sources */,
				59CEE8F31A09C2FB00CBCC55 /* MJGaugeController.m in Sources */,
			);
			runOnlyForDeploymentPostprocessing = 0;
		};
		59D4D5B21A07344900A715B0 /* Sources */ = {
			isa = PBXSourcesBuildPhase;
			buildActionMask = 2147483647;
			files = (
				59D4D5BD1A07344900A715B0 /* motionTests.m in Sources */,
			);
			runOnlyForDeploymentPostprocessing = 0;
		};
/* End PBXSourcesBuildPhase section */

/* Begin PBXTargetDependency section */
		59D4D5B81A07344900A715B0 /* PBXTargetDependency */ = {
			isa = PBXTargetDependency;
			target = 59D4D5991A07344900A715B0 /* motion */;
			targetProxy = 59D4D5B71A07344900A715B0 /* PBXContainerItemProxy */;
		};
/* End PBXTargetDependency section */

/* Begin PBXVariantGroup section */
		59D4D5AA1A07344900A715B0 /* Main.storyboard */ = {
			isa = PBXVariantGroup;
			children = (
				59D4D5AB1A07344900A715B0 /* Base */,
			);
			name = Main.storyboard;
			sourceTree = "<group>";
		};
		59D4D5AF1A07344900A715B0 /* LaunchScreen.xib */ = {
			isa = PBXVariantGroup;
			children = (
				59D4D5B01A07344900A715B0 /* Base */,
			);
			name = LaunchScreen.xib;
			sourceTree = "<group>";
		};
/* End PBXVariantGroup section */

/* Begin XCBuildConfiguration section */
		59D4D5BE1A07344900A715B0 /* Debug */ = {
			isa = XCBuildConfiguration;
			buildSettings = {
				ALWAYS_SEARCH_USER_PATHS = NO;
				CLANG_CXX_LANGUAGE_STANDARD = "gnu++0x";
				CLANG_CXX_LIBRARY = "libc++";
				CLANG_ENABLE_MODULES = YES;
				CLANG_ENABLE_OBJC_ARC = YES;
				CLANG_WARN_BOOL_CONVERSION = YES;
				CLANG_WARN_CONSTANT_CONVERSION = YES;
				CLANG_WARN_DIRECT_OBJC_ISA_USAGE = YES_ERROR;
				CLANG_WARN_EMPTY_BODY = YES;
				CLANG_WARN_ENUM_CONVERSION = YES;
				CLANG_WARN_INT_CONVERSION = YES;
				CLANG_WARN_OBJC_ROOT_CLASS = YES_ERROR;
				CLANG_WARN_UNREACHABLE_CODE = YES;
				CLANG_WARN__DUPLICATE_METHOD_MATCH = YES;
				"CODE_SIGN_IDENTITY[sdk=iphoneos*]" = "iPhone Developer";
				COPY_PHASE_STRIP = NO;
				ENABLE_STRICT_OBJC_MSGSEND = YES;
				GCC_C_LANGUAGE_STANDARD = gnu99;
				GCC_DYNAMIC_NO_PIC = NO;
				GCC_OPTIMIZATION_LEVEL = 0;
				GCC_PREPROCESSOR_DEFINITIONS = (
					"DEBUG=1",
					"$(inherited)",
				);
				GCC_SYMBOLS_PRIVATE_EXTERN = NO;
				GCC_WARN_64_TO_32_BIT_CONVERSION = YES;
				GCC_WARN_ABOUT_RETURN_TYPE = YES_ERROR;
				GCC_WARN_UNDECLARED_SELECTOR = YES;
				GCC_WARN_UNINITIALIZED_AUTOS = YES_AGGRESSIVE;
				GCC_WARN_UNUSED_FUNCTION = YES;
				GCC_WARN_UNUSED_VARIABLE = YES;
				IPHONEOS_DEPLOYMENT_TARGET = 7.1;
				MTL_ENABLE_DEBUG_INFO = YES;
				ONLY_ACTIVE_ARCH = YES;
				SDKROOT = iphoneos;
			};
			name = Debug;
		};
		59D4D5BF1A07344900A715B0 /* Release */ = {
			isa = XCBuildConfiguration;
			buildSettings = {
				ALWAYS_SEARCH_USER_PATHS = NO;
				CLANG_CXX_LANGUAGE_STANDARD = "gnu++0x";
				CLANG_CXX_LIBRARY = "libc++";
				CLANG_ENABLE_MODULES = YES;
				CLANG_ENABLE_OBJC_ARC = YES;
				CLANG_WARN_BOOL_CONVERSION = YES;
				CLANG_WARN_CONSTANT_CONVERSION = YES;
				CLANG_WARN_DIRECT_OBJC_ISA_USAGE = YES_ERROR;
				CLANG_WARN_EMPTY_BODY = YES;
				CLANG_WARN_ENUM_CONVERSION = YES;
				CLANG_WARN_INT_CONVERSION = YES;
				CLANG_WARN_OBJC_ROOT_CLASS = YES_ERROR;
				CLANG_WARN_UNREACHABLE_CODE = YES;
				CLANG_WARN__DUPLICATE_METHOD_MATCH = YES;
				"CODE_SIGN_IDENTITY[sdk=iphoneos*]" = "iPhone Developer";
				COPY_PHASE_STRIP = YES;
				ENABLE_NS_ASSERTIONS = NO;
				ENABLE_STRICT_OBJC_MSGSEND = YES;
				GCC_C_LANGUAGE_STANDARD = gnu99;
				GCC_WARN_64_TO_32_BIT_CONVERSION = YES;
				GCC_WARN_ABOUT_RETURN_TYPE = YES_ERROR;
				GCC_WARN_UNDECLARED_SELECTOR = YES;
				GCC_WARN_UNINITIALIZED_AUTOS = YES_AGGRESSIVE;
				GCC_WARN_UNUSED_FUNCTION = YES;
				GCC_WARN_UNUSED_VARIABLE = YES;
				IPHONEOS_DEPLOYMENT_TARGET = 7.1;
				MTL_ENABLE_DEBUG_INFO = NO;
				SDKROOT = iphoneos;
				VALIDATE_PRODUCT = YES;
			};
			name = Release;
		};
		59D4D5C11A07344900A715B0 /* Debug */ = {
			isa = XCBuildConfiguration;
			buildSettings = {
				ASSETCATALOG_COMPILER_APPICON_NAME = AppIcon;
				CODE_SIGN_IDENTITY = "iPhone Developer";
				INFOPLIST_FILE = motion/Info.plist;
				LD_RUNPATH_SEARCH_PATHS = "$(inherited) @executable_path/Frameworks";
				PRODUCT_NAME = "$(TARGET_NAME)";
			};
			name = Debug;
		};
		59D4D5C21A07344900A715B0 /* Release */ = {
			isa = XCBuildConfiguration;
			buildSettings = {
				ASSETCATALOG_COMPILER_APPICON_NAME = AppIcon;
				CODE_SIGN_IDENTITY = "iPhone Developer";
				INFOPLIST_FILE = motion/Info.plist;
				LD_RUNPATH_SEARCH_PATHS = "$(inherited) @executable_path/Frameworks";
				PRODUCT_NAME = "$(TARGET_NAME)";
			};
			name = Release;
		};
		59D4D5C41A07344900A715B0 /* Debug */ = {
			isa = XCBuildConfiguration;
			buildSettings = {
				BUNDLE_LOADER = "$(TEST_HOST)";
				FRAMEWORK_SEARCH_PATHS = (
					"$(SDKROOT)/Developer/Library/Frameworks",
					"$(inherited)",
				);
				GCC_PREPROCESSOR_DEFINITIONS = (
					"DEBUG=1",
					"$(inherited)",
				);
				INFOPLIST_FILE = motionTests/Info.plist;
				LD_RUNPATH_SEARCH_PATHS = "$(inherited) @executable_path/Frameworks @loader_path/Frameworks";
				PRODUCT_NAME = "$(TARGET_NAME)";
				TEST_HOST = "$(BUILT_PRODUCTS_DIR)/motion.app/motion";
			};
			name = Debug;
		};
		59D4D5C51A07344900A715B0 /* Release */ = {
			isa = XCBuildConfiguration;
			buildSettings = {
				BUNDLE_LOADER = "$(TEST_HOST)";
				FRAMEWORK_SEARCH_PATHS = (
					"$(SDKROOT)/Developer/Library/Frameworks",
					"$(inherited)",
				);
				INFOPLIST_FILE = motionTests/Info.plist;
				LD_RUNPATH_SEARCH_PATHS = "$(inherited) @executable_path/Frameworks @loader_path/Frameworks";
				PRODUCT_NAME = "$(TARGET_NAME)";
				TEST_HOST = "$(BUILT_PRODUCTS_DIR)/motion.app/motion";
			};
			name = Release;
		};
/* End XCBuildConfiguration section */

/* Begin XCConfigurationList section */
		59D4D5951A07344900A715B0 /* Build configuration list for PBXProject "motion" */ = {
			isa = XCConfigurationList;
			buildConfigurations = (
				59D4D5BE1A07344900A715B0 /* Debug */,
				59D4D5BF1A07344900A715B0 /* Release */,
			);
			defaultConfigurationIsVisible = 0;
			defaultConfigurationName = Release;
		};
		59D4D5C01A07344900A715B0 /* Build configuration list for PBXNativeTarget "motion" */ = {
			isa = XCConfigurationList;
			buildConfigurations = (
				59D4D5C11A07344900A715B0 /* Debug */,
				59D4D5C21A07344900A715B0 /* Release */,
			);
			defaultConfigurationIsVisible = 0;
			defaultConfigurationName = Release;
		};
		59D4D5C31A07344900A715B0 /* Build configuration list for PBXNativeTarget "motionTests" */ = {
			isa = XCConfigurationList;
			buildConfigurations = (
				59D4D5C41A07344900A715B0 /* Debug */,
				59D4D5C51A07344900A715B0 /* Release */,
			);
			defaultConfigurationIsVisible = 0;
			defaultConfigurationName = Release;
		};
/* End XCConfigurationList section */
	};
	rootObject = 59D4D5921A07344900A715B0 /* Project object */;
}
